
Microsoft Visual Studio Solution File, Format Version 12.00
# Visual Studio 15
VisualStudioVersion = 15.0.27004.2008
MinimumVisualStudioVersion = 10.0.40219.1
Project("{FAE04EC0-301F-11D3-BF4B-00C04F79EFBC}") = "Journey.Android", "Journey\Journey.Android\Journey.Android.csproj", "{385708F8-1890-4DDE-8875-4CACE8827F5D}"
EndProject
Project("{FAE04EC0-301F-11D3-BF4B-00C04F79EFBC}") = "Journey.UWP", "Journey\Journey.UWP\Journey.UWP.csproj", "{A82A1961-1A41-412B-B358-4829881BC022}"
EndProject
Project("{FAE04EC0-301F-11D3-BF4B-00C04F79EFBC}") = "Journey.iOS", "Journey\Journey.iOS\Journey.iOS.csproj", "{18990BFD-9FCF-4D6B-88CA-9EC90C39D449}"
EndProject
Project("{9A19103F-16F7-4668-BE54-9A1E7A4F7556}") = "Journey", "Journey\Journey\Journey.csproj", "{DC18B476-29B8-49B4-BF46-50A295F3758C}"
EndProject
Project("{9A19103F-16F7-4668-BE54-9A1E7A4F7556}") = "Abstractions", "Abstractions\Abstractions.csproj", "{2C910479-1896-44DA-BE23-00F1BB40E137}"
EndProject
Global
	GlobalSection(SolutionConfigurationPlatforms) = preSolution
		Ad-Hoc|Any CPU = Ad-Hoc|Any CPU
		Ad-Hoc|ARM = Ad-Hoc|ARM
		Ad-Hoc|iPhone = Ad-Hoc|iPhone
		Ad-Hoc|iPhoneSimulator = Ad-Hoc|iPhoneSimulator
		Ad-Hoc|x64 = Ad-Hoc|x64
		Ad-Hoc|x86 = Ad-Hoc|x86
		AppStore|Any CPU = AppStore|Any CPU
		AppStore|ARM = AppStore|ARM
		AppStore|iPhone = AppStore|iPhone
		AppStore|iPhoneSimulator = AppStore|iPhoneSimulator
		AppStore|x64 = AppStore|x64
		AppStore|x86 = AppStore|x86
		Debug|Any CPU = Debug|Any CPU
		Debug|ARM = Debug|ARM
		Debug|iPhone = Debug|iPhone
		Debug|iPhoneSimulator = Debug|iPhoneSimulator
		Debug|x64 = Debug|x64
		Debug|x86 = Debug|x86
		Release|Any CPU = Release|Any CPU
		Release|ARM = Release|ARM
		Release|iPhone = Release|iPhone
		Release|iPhoneSimulator = Release|iPhoneSimulator
		Release|x64 = Release|x64
		Release|x86 = Release|x86
	EndGlobalSection
	GlobalSection(ProjectConfigurationPlatforms) = postSolution
		{385708F8-1890-4DDE-8875-4CACE8827F5D}.Ad-Hoc|Any CPU.ActiveCfg = Release|Any CPU
		{385708F8-1890-4DDE-8875-4CACE8827F5D}.Ad-Hoc|Any CPU.Build.0 = Release|Any CPU
		{385708F8-1890-4DDE-8875-4CACE8827F5D}.Ad-Hoc|Any CPU.Deploy.0 = Release|Any CPU
		{385708F8-1890-4DDE-8875-4CACE8827F5D}.Ad-Hoc|ARM.ActiveCfg = Release|Any CPU
		{385708F8-1890-4DDE-8875-4CACE8827F5D}.Ad-Hoc|ARM.Build.0 = Release|Any CPU
		{385708F8-1890-4DDE-8875-4CACE8827F5D}.Ad-Hoc|ARM.Deploy.0 = Release|Any CPU
		{385708F8-1890-4DDE-8875-4CACE8827F5D}.Ad-Hoc|iPhone.ActiveCfg = Release|Any CPU
		{385708F8-1890-4DDE-8875-4CACE8827F5D}.Ad-Hoc|iPhone.Build.0 = Release|Any CPU
		{385708F8-1890-4DDE-8875-4CACE8827F5D}.Ad-Hoc|iPhone.Deploy.0 = Release|Any CPU
		{385708F8-1890-4DDE-8875-4CACE8827F5D}.Ad-Hoc|iPhoneSimulator.ActiveCfg = Release|Any CPU
		{385708F8-1890-4DDE-8875-4CACE8827F5D}.Ad-Hoc|iPhoneSimulator.Build.0 = Release|Any CPU
		{385708F8-1890-4DDE-8875-4CACE8827F5D}.Ad-Hoc|iPhoneSimulator.Deploy.0 = Release|Any CPU
		{385708F8-1890-4DDE-8875-4CACE8827F5D}.Ad-Hoc|x64.ActiveCfg = Release|Any CPU
		{385708F8-1890-4DDE-8875-4CACE8827F5D}.Ad-Hoc|x64.Build.0 = Release|Any CPU
		{385708F8-1890-4DDE-8875-4CACE8827F5D}.Ad-Hoc|x64.Deploy.0 = Release|Any CPU
		{385708F8-1890-4DDE-8875-4CACE8827F5D}.Ad-Hoc|x86.ActiveCfg = Release|Any CPU
		{385708F8-1890-4DDE-8875-4CACE8827F5D}.Ad-Hoc|x86.Build.0 = Release|Any CPU
		{385708F8-1890-4DDE-8875-4CACE8827F5D}.Ad-Hoc|x86.Deploy.0 = Release|Any CPU
		{385708F8-1890-4DDE-8875-4CACE8827F5D}.AppStore|Any CPU.ActiveCfg = Release|Any CPU
		{385708F8-1890-4DDE-8875-4CACE8827F5D}.AppStore|Any CPU.Build.0 = Release|Any CPU
		{385708F8-1890-4DDE-8875-4CACE8827F5D}.AppStore|Any CPU.Deploy.0 = Release|Any CPU
		{385708F8-1890-4DDE-8875-4CACE8827F5D}.AppStore|ARM.ActiveCfg = Release|Any CPU
		{385708F8-1890-4DDE-8875-4CACE8827F5D}.AppStore|ARM.Build.0 = Release|Any CPU
		{385708F8-1890-4DDE-8875-4CACE8827F5D}.AppStore|ARM.Deploy.0 = Release|Any CPU
		{385708F8-1890-4DDE-8875-4CACE8827F5D}.AppStore|iPhone.ActiveCfg = Release|Any CPU
		{385708F8-1890-4DDE-8875-4CACE8827F5D}.AppStore|iPhone.Build.0 = Release|Any CPU
		{385708F8-1890-4DDE-8875-4CACE8827F5D}.AppStore|iPhone.Deploy.0 = Release|Any CPU
		{385708F8-1890-4DDE-8875-4CACE8827F5D}.AppStore|iPhoneSimulator.ActiveCfg = Release|Any CPU
		{385708F8-1890-4DDE-8875-4CACE8827F5D}.AppStore|iPhoneSimulator.Build.0 = Release|Any CPU
		{385708F8-1890-4DDE-8875-4CACE8827F5D}.AppStore|iPhoneSimulator.Deploy.0 = Release|Any CPU
		{385708F8-1890-4DDE-8875-4CACE8827F5D}.AppStore|x64.ActiveCfg = Release|Any CPU
		{385708F8-1890-4DDE-8875-4CACE8827F5D}.AppStore|x64.Build.0 = Release|Any CPU
		{385708F8-1890-4DDE-8875-4CACE8827F5D}.AppStore|x64.Deploy.0 = Release|Any CPU
		{385708F8-1890-4DDE-8875-4CACE8827F5D}.AppStore|x86.ActiveCfg = Release|Any CPU
		{385708F8-1890-4DDE-8875-4CACE8827F5D}.AppStore|x86.Build.0 = Release|Any CPU
		{385708F8-1890-4DDE-8875-4CACE8827F5D}.AppStore|x86.Deploy.0 = Release|Any CPU
		{385708F8-1890-4DDE-8875-4CACE8827F5D}.Debug|Any CPU.ActiveCfg = Debug|Any CPU
		{385708F8-1890-4DDE-8875-4CACE8827F5D}.Debug|Any CPU.Build.0 = Debug|Any CPU
		{385708F8-1890-4DDE-8875-4CACE8827F5D}.Debug|Any CPU.Deploy.0 = Debug|Any CPU
		{385708F8-1890-4DDE-8875-4CACE8827F5D}.Debug|ARM.ActiveCfg = Debug|Any CPU
		{385708F8-1890-4DDE-8875-4CACE8827F5D}.Debug|ARM.Build.0 = Debug|Any CPU
		{385708F8-1890-4DDE-8875-4CACE8827F5D}.Debug|ARM.Deploy.0 = Debug|Any CPU
		{385708F8-1890-4DDE-8875-4CACE8827F5D}.Debug|iPhone.ActiveCfg = Debug|Any CPU
		{385708F8-1890-4DDE-8875-4CACE8827F5D}.Debug|iPhone.Build.0 = Debug|Any CPU
		{385708F8-1890-4DDE-8875-4CACE8827F5D}.Debug|iPhone.Deploy.0 = Debug|Any CPU
		{385708F8-1890-4DDE-8875-4CACE8827F5D}.Debug|iPhoneSimulator.ActiveCfg = Debug|Any CPU
		{385708F8-1890-4DDE-8875-4CACE8827F5D}.Debug|iPhoneSimulator.Build.0 = Debug|Any CPU
		{385708F8-1890-4DDE-8875-4CACE8827F5D}.Debug|iPhoneSimulator.Deploy.0 = Debug|Any CPU
		{385708F8-1890-4DDE-8875-4CACE8827F5D}.Debug|x64.ActiveCfg = Debug|Any CPU
		{385708F8-1890-4DDE-8875-4CACE8827F5D}.Debug|x64.Build.0 = Debug|Any CPU
		{385708F8-1890-4DDE-8875-4CACE8827F5D}.Debug|x64.Deploy.0 = Debug|Any CPU
		{385708F8-1890-4DDE-8875-4CACE8827F5D}.Debug|x86.ActiveCfg = Debug|Any CPU
		{385708F8-1890-4DDE-8875-4CACE8827F5D}.Debug|x86.Build.0 = Debug|Any CPU
		{385708F8-1890-4DDE-8875-4CACE8827F5D}.Debug|x86.Deploy.0 = Debug|Any CPU
		{385708F8-1890-4DDE-8875-4CACE8827F5D}.Release|Any CPU.ActiveCfg = Release|Any CPU
		{385708F8-1890-4DDE-8875-4CACE8827F5D}.Release|Any CPU.Build.0 = Release|Any CPU
		{385708F8-1890-4DDE-8875-4CACE8827F5D}.Release|Any CPU.Deploy.0 = Release|Any CPU
		{385708F8-1890-4DDE-8875-4CACE8827F5D}.Release|ARM.ActiveCfg = Release|Any CPU
		{385708F8-1890-4DDE-8875-4CACE8827F5D}.Release|ARM.Build.0 = Release|Any CPU
		{385708F8-1890-4DDE-8875-4CACE8827F5D}.Release|ARM.Deploy.0 = Release|Any CPU
		{385708F8-1890-4DDE-8875-4CACE8827F5D}.Release|iPhone.ActiveCfg = Release|Any CPU
		{385708F8-1890-4DDE-8875-4CACE8827F5D}.Release|iPhone.Build.0 = Release|Any CPU
		{385708F8-1890-4DDE-8875-4CACE8827F5D}.Release|iPhone.Deploy.0 = Release|Any CPU
		{385708F8-1890-4DDE-8875-4CACE8827F5D}.Release|iPhoneSimulator.ActiveCfg = Release|Any CPU
		{385708F8-1890-4DDE-8875-4CACE8827F5D}.Release|iPhoneSimulator.Build.0 = Release|Any CPU
		{385708F8-1890-4DDE-8875-4CACE8827F5D}.Release|iPhoneSimulator.Deploy.0 = Release|Any CPU
		{385708F8-1890-4DDE-8875-4CACE8827F5D}.Release|x64.ActiveCfg = Release|Any CPU
		{385708F8-1890-4DDE-8875-4CACE8827F5D}.Release|x64.Build.0 = Release|Any CPU
		{385708F8-1890-4DDE-8875-4CACE8827F5D}.Release|x64.Deploy.0 = Release|Any CPU
		{385708F8-1890-4DDE-8875-4CACE8827F5D}.Release|x86.ActiveCfg = Release|Any CPU
		{385708F8-1890-4DDE-8875-4CACE8827F5D}.Release|x86.Build.0 = Release|Any CPU
		{385708F8-1890-4DDE-8875-4CACE8827F5D}.Release|x86.Deploy.0 = Release|Any CPU
		{A82A1961-1A41-412B-B358-4829881BC022}.Ad-Hoc|Any CPU.ActiveCfg = Release|x86
		{A82A1961-1A41-412B-B358-4829881BC022}.Ad-Hoc|Any CPU.Build.0 = Release|x86
		{A82A1961-1A41-412B-B358-4829881BC022}.Ad-Hoc|Any CPU.Deploy.0 = Release|x86
		{A82A1961-1A41-412B-B358-4829881BC022}.Ad-Hoc|ARM.ActiveCfg = Release|ARM
		{A82A1961-1A41-412B-B358-4829881BC022}.Ad-Hoc|ARM.Build.0 = Release|ARM
		{A82A1961-1A41-412B-B358-4829881BC022}.Ad-Hoc|ARM.Deploy.0 = Release|ARM
		{A82A1961-1A41-412B-B358-4829881BC022}.Ad-Hoc|iPhone.ActiveCfg = Release|x86
		{A82A1961-1A41-412B-B358-4829881BC022}.Ad-Hoc|iPhone.Build.0 = Release|x86
		{A82A1961-1A41-412B-B358-4829881BC022}.Ad-Hoc|iPhone.Deploy.0 = Release|x86
		{A82A1961-1A41-412B-B358-4829881BC022}.Ad-Hoc|iPhoneSimulator.ActiveCfg = Release|x86
		{A82A1961-1A41-412B-B358-4829881BC022}.Ad-Hoc|iPhoneSimulator.Build.0 = Release|x86
		{A82A1961-1A41-412B-B358-4829881BC022}.Ad-Hoc|iPhoneSimulator.Deploy.0 = Release|x86
		{A82A1961-1A41-412B-B358-4829881BC022}.Ad-Hoc|x64.ActiveCfg = Release|x64
		{A82A1961-1A41-412B-B358-4829881BC022}.Ad-Hoc|x64.Build.0 = Release|x64
		{A82A1961-1A41-412B-B358-4829881BC022}.Ad-Hoc|x64.Deploy.0 = Release|x64
		{A82A1961-1A41-412B-B358-4829881BC022}.Ad-Hoc|x86.ActiveCfg = Release|x86
		{A82A1961-1A41-412B-B358-4829881BC022}.Ad-Hoc|x86.Build.0 = Release|x86
		{A82A1961-1A41-412B-B358-4829881BC022}.Ad-Hoc|x86.Deploy.0 = Release|x86
		{A82A1961-1A41-412B-B358-4829881BC022}.AppStore|Any CPU.ActiveCfg = Release|x86
		{A82A1961-1A41-412B-B358-4829881BC022}.AppStore|Any CPU.Build.0 = Release|x86
		{A82A1961-1A41-412B-B358-4829881BC022}.AppStore|Any CPU.Deploy.0 = Release|x86
		{A82A1961-1A41-412B-B358-4829881BC022}.AppStore|ARM.ActiveCfg = Release|ARM
		{A82A1961-1A41-412B-B358-4829881BC022}.AppStore|ARM.Build.0 = Release|ARM
		{A82A1961-1A41-412B-B358-4829881BC022}.AppStore|ARM.Deploy.0 = Release|ARM
		{A82A1961-1A41-412B-B358-4829881BC022}.AppStore|iPhone.ActiveCfg = Release|x86
		{A82A1961-1A41-412B-B358-4829881BC022}.AppStore|iPhone.Build.0 = Release|x86
		{A82A1961-1A41-412B-B358-4829881BC022}.AppStore|iPhone.Deploy.0 = Release|x86
		{A82A1961-1A41-412B-B358-4829881BC022}.AppStore|iPhoneSimulator.ActiveCfg = Release|x86
		{A82A1961-1A41-412B-B358-4829881BC022}.AppStore|iPhoneSimulator.Build.0 = Release|x86
		{A82A1961-1A41-412B-B358-4829881BC022}.AppStore|iPhoneSimulator.Deploy.0 = Release|x86
		{A82A1961-1A41-412B-B358-4829881BC022}.AppStore|x64.ActiveCfg = Release|x64
		{A82A1961-1A41-412B-B358-4829881BC022}.AppStore|x64.Build.0 = Release|x64
		{A82A1961-1A41-412B-B358-4829881BC022}.AppStore|x64.Deploy.0 = Release|x64
		{A82A1961-1A41-412B-B358-4829881BC022}.AppStore|x86.ActiveCfg = Release|x86
		{A82A1961-1A41-412B-B358-4829881BC022}.AppStore|x86.Build.0 = Release|x86
		{A82A1961-1A41-412B-B358-4829881BC022}.AppStore|x86.Deploy.0 = Release|x86
		{A82A1961-1A41-412B-B358-4829881BC022}.Debug|Any CPU.ActiveCfg = Debug|x86
		{A82A1961-1A41-412B-B358-4829881BC022}.Debug|ARM.ActiveCfg = Debug|ARM
		{A82A1961-1A41-412B-B358-4829881BC022}.Debug|ARM.Build.0 = Debug|ARM
		{A82A1961-1A41-412B-B358-4829881BC022}.Debug|ARM.Deploy.0 = Debug|ARM
		{A82A1961-1A41-412B-B358-4829881BC022}.Debug|iPhone.ActiveCfg = Debug|x86
		{A82A1961-1A41-412B-B358-4829881BC022}.Debug|iPhoneSimulator.ActiveCfg = Debug|x86
		{A82A1961-1A41-412B-B358-4829881BC022}.Debug|x64.ActiveCfg = Debug|x64
		{A82A1961-1A41-412B-B358-4829881BC022}.Debug|x64.Build.0 = Debug|x64
		{A82A1961-1A41-412B-B358-4829881BC022}.Debug|x64.Deploy.0 = Debug|x64
		{A82A1961-1A41-412B-B358-4829881BC022}.Debug|x86.ActiveCfg = Debug|x86
		{A82A1961-1A41-412B-B358-4829881BC022}.Debug|x86.Build.0 = Debug|x86
		{A82A1961-1A41-412B-B358-4829881BC022}.Debug|x86.Deploy.0 = Debug|x86
		{A82A1961-1A41-412B-B358-4829881BC022}.Release|Any CPU.ActiveCfg = Release|x86
		{A82A1961-1A41-412B-B358-4829881BC022}.Release|ARM.ActiveCfg = Release|ARM
		{A82A1961-1A41-412B-B358-4829881BC022}.Release|ARM.Build.0 = Release|ARM
		{A82A1961-1A41-412B-B358-4829881BC022}.Release|ARM.Deploy.0 = Release|ARM
		{A82A1961-1A41-412B-B358-4829881BC022}.Release|iPhone.ActiveCfg = Release|x86
		{A82A1961-1A41-412B-B358-4829881BC022}.Release|iPhoneSimulator.ActiveCfg = Release|x86
		{A82A1961-1A41-412B-B358-4829881BC022}.Release|x64.ActiveCfg = Release|x64
		{A82A1961-1A41-412B-B358-4829881BC022}.Release|x64.Build.0 = Release|x64
		{A82A1961-1A41-412B-B358-4829881BC022}.Release|x64.Deploy.0 = Release|x64
		{A82A1961-1A41-412B-B358-4829881BC022}.Release|x86.ActiveCfg = Release|x86
		{A82A1961-1A41-412B-B358-4829881BC022}.Release|x86.Build.0 = Release|x86
		{A82A1961-1A41-412B-B358-4829881BC022}.Release|x86.Deploy.0 = Release|x86
		{18990BFD-9FCF-4D6B-88CA-9EC90C39D449}.Ad-Hoc|Any CPU.ActiveCfg = Ad-Hoc|iPhoneSimulator
		{18990BFD-9FCF-4D6B-88CA-9EC90C39D449}.Ad-Hoc|ARM.ActiveCfg = Ad-Hoc|iPhone
		{18990BFD-9FCF-4D6B-88CA-9EC90C39D449}.Ad-Hoc|iPhone.ActiveCfg = Ad-Hoc|iPhone
		{18990BFD-9FCF-4D6B-88CA-9EC90C39D449}.Ad-Hoc|iPhone.Build.0 = Ad-Hoc|iPhone
		{18990BFD-9FCF-4D6B-88CA-9EC90C39D449}.Ad-Hoc|iPhoneSimulator.ActiveCfg = Ad-Hoc|iPhoneSimulator
		{18990BFD-9FCF-4D6B-88CA-9EC90C39D449}.Ad-Hoc|iPhoneSimulator.Build.0 = Ad-Hoc|iPhoneSimulator
		{18990BFD-9FCF-4D6B-88CA-9EC90C39D449}.Ad-Hoc|x64.ActiveCfg = Ad-Hoc|iPhone
		{18990BFD-9FCF-4D6B-88CA-9EC90C39D449}.Ad-Hoc|x86.ActiveCfg = Ad-Hoc|iPhone
		{18990BFD-9FCF-4D6B-88CA-9EC90C39D449}.AppStore|Any CPU.ActiveCfg = AppStore|iPhoneSimulator
		{18990BFD-9FCF-4D6B-88CA-9EC90C39D449}.AppStore|ARM.ActiveCfg = AppStore|iPhone
		{18990BFD-9FCF-4D6B-88CA-9EC90C39D449}.AppStore|iPhone.ActiveCfg = AppStore|iPhone
		{18990BFD-9FCF-4D6B-88CA-9EC90C39D449}.AppStore|iPhone.Build.0 = AppStore|iPhone
		{18990BFD-9FCF-4D6B-88CA-9EC90C39D449}.AppStore|iPhoneSimulator.ActiveCfg = AppStore|iPhoneSimulator
		{18990BFD-9FCF-4D6B-88CA-9EC90C39D449}.AppStore|iPhoneSimulator.Build.0 = AppStore|iPhoneSimulator
		{18990BFD-9FCF-4D6B-88CA-9EC90C39D449}.AppStore|x64.ActiveCfg = AppStore|iPhone
		{18990BFD-9FCF-4D6B-88CA-9EC90C39D449}.AppStore|x86.ActiveCfg = AppStore|iPhone
		{18990BFD-9FCF-4D6B-88CA-9EC90C39D449}.Debug|Any CPU.ActiveCfg = Debug|iPhoneSimulator
		{18990BFD-9FCF-4D6B-88CA-9EC90C39D449}.Debug|ARM.ActiveCfg = Debug|iPhone
		{18990BFD-9FCF-4D6B-88CA-9EC90C39D449}.Debug|iPhone.ActiveCfg = Debug|iPhone
		{18990BFD-9FCF-4D6B-88CA-9EC90C39D449}.Debug|iPhone.Build.0 = Debug|iPhone
		{18990BFD-9FCF-4D6B-88CA-9EC90C39D449}.Debug|iPhoneSimulator.ActiveCfg = Debug|iPhoneSimulator
		{18990BFD-9FCF-4D6B-88CA-9EC90C39D449}.Debug|iPhoneSimulator.Build.0 = Debug|iPhoneSimulator
		{18990BFD-9FCF-4D6B-88CA-9EC90C39D449}.Debug|x64.ActiveCfg = Debug|iPhone
		{18990BFD-9FCF-4D6B-88CA-9EC90C39D449}.Debug|x86.ActiveCfg = Debug|iPhone
		{18990BFD-9FCF-4D6B-88CA-9EC90C39D449}.Release|Any CPU.ActiveCfg = Release|iPhoneSimulator
		{18990BFD-9FCF-4D6B-88CA-9EC90C39D449}.Release|ARM.ActiveCfg = Release|iPhone
		{18990BFD-9FCF-4D6B-88CA-9EC90C39D449}.Release|iPhone.ActiveCfg = Release|iPhone
		{18990BFD-9FCF-4D6B-88CA-9EC90C39D449}.Release|iPhone.Build.0 = Release|iPhone
		{18990BFD-9FCF-4D6B-88CA-9EC90C39D449}.Release|iPhoneSimulator.ActiveCfg = Release|iPhoneSimulator
		{18990BFD-9FCF-4D6B-88CA-9EC90C39D449}.Release|iPhoneSimulator.Build.0 = Release|iPhoneSimulator
		{18990BFD-9FCF-4D6B-88CA-9EC90C39D449}.Release|x64.ActiveCfg = Release|iPhone
		{18990BFD-9FCF-4D6B-88CA-9EC90C39D449}.Release|x86.ActiveCfg = Release|iPhone
		{DC18B476-29B8-49B4-BF46-50A295F3758C}.Ad-Hoc|Any CPU.ActiveCfg = Debug|Any CPU
		{DC18B476-29B8-49B4-BF46-50A295F3758C}.Ad-Hoc|Any CPU.Build.0 = Debug|Any CPU
		{DC18B476-29B8-49B4-BF46-50A295F3758C}.Ad-Hoc|ARM.ActiveCfg = Debug|Any CPU
		{DC18B476-29B8-49B4-BF46-50A295F3758C}.Ad-Hoc|ARM.Build.0 = Debug|Any CPU
		{DC18B476-29B8-49B4-BF46-50A295F3758C}.Ad-Hoc|iPhone.ActiveCfg = Debug|Any CPU
		{DC18B476-29B8-49B4-BF46-50A295F3758C}.Ad-Hoc|iPhone.Build.0 = Debug|Any CPU
		{DC18B476-29B8-49B4-BF46-50A295F3758C}.Ad-Hoc|iPhoneSimulator.ActiveCfg = Debug|Any CPU
		{DC18B476-29B8-49B4-BF46-50A295F3758C}.Ad-Hoc|iPhoneSimulator.Build.0 = Debug|Any CPU
		{DC18B476-29B8-49B4-BF46-50A295F3758C}.Ad-Hoc|x64.ActiveCfg = Debug|Any CPU
		{DC18B476-29B8-49B4-BF46-50A295F3758C}.Ad-Hoc|x64.Build.0 = Debug|Any CPU
		{DC18B476-29B8-49B4-BF46-50A295F3758C}.Ad-Hoc|x86.ActiveCfg = Debug|Any CPU
		{DC18B476-29B8-49B4-BF46-50A295F3758C}.Ad-Hoc|x86.Build.0 = Debug|Any CPU
		{DC18B476-29B8-49B4-BF46-50A295F3758C}.AppStore|Any CPU.ActiveCfg = Debug|Any CPU
		{DC18B476-29B8-49B4-BF46-50A295F3758C}.AppStore|Any CPU.Build.0 = Debug|Any CPU
		{DC18B476-29B8-49B4-BF46-50A295F3758C}.AppStore|ARM.ActiveCfg = Debug|Any CPU
		{DC18B476-29B8-49B4-BF46-50A295F3758C}.AppStore|ARM.Build.0 = Debug|Any CPU
		{DC18B476-29B8-49B4-BF46-50A295F3758C}.AppStore|iPhone.ActiveCfg = Debug|Any CPU
		{DC18B476-29B8-49B4-BF46-50A295F3758C}.AppStore|iPhone.Build.0 = Debug|Any CPU
		{DC18B476-29B8-49B4-BF46-50A295F3758C}.AppStore|iPhoneSimulator.ActiveCfg = Debug|Any CPU
		{DC18B476-29B8-49B4-BF46-50A295F3758C}.AppStore|iPhoneSimulator.Build.0 = Debug|Any CPU
		{DC18B476-29B8-49B4-BF46-50A295F3758C}.AppStore|x64.ActiveCfg = Debug|Any CPU
		{DC18B476-29B8-49B4-BF46-50A295F3758C}.AppStore|x64.Build.0 = Debug|Any CPU
		{DC18B476-29B8-49B4-BF46-50A295F3758C}.AppStore|x86.ActiveCfg = Debug|Any CPU
		{DC18B476-29B8-49B4-BF46-50A295F3758C}.AppStore|x86.Build.0 = Debug|Any CPU
		{DC18B476-29B8-49B4-BF46-50A295F3758C}.Debug|Any CPU.ActiveCfg = Debug|Any CPU
		{DC18B476-29B8-49B4-BF46-50A295F3758C}.Debug|Any CPU.Build.0 = Debug|Any CPU
		{DC18B476-29B8-49B4-BF46-50A295F3758C}.Debug|ARM.ActiveCfg = Debug|Any CPU
		{DC18B476-29B8-49B4-BF46-50A295F3758C}.Debug|ARM.Build.0 = Debug|Any CPU
		{DC18B476-29B8-49B4-BF46-50A295F3758C}.Debug|iPhone.ActiveCfg = Debug|Any CPU
		{DC18B476-29B8-49B4-BF46-50A295F3758C}.Debug|iPhone.Build.0 = Debug|Any CPU
		{DC18B476-29B8-49B4-BF46-50A295F3758C}.Debug|iPhoneSimulator.ActiveCfg = Debug|Any CPU
		{DC18B476-29B8-49B4-BF46-50A295F3758C}.Debug|iPhoneSimulator.Build.0 = Debug|Any CPU
		{DC18B476-29B8-49B4-BF46-50A295F3758C}.Debug|x64.ActiveCfg = Debug|Any CPU
		{DC18B476-29B8-49B4-BF46-50A295F3758C}.Debug|x64.Build.0 = Debug|Any CPU
		{DC18B476-29B8-49B4-BF46-50A295F3758C}.Debug|x86.ActiveCfg = Debug|Any CPU
		{DC18B476-29B8-49B4-BF46-50A295F3758C}.Debug|x86.Build.0 = Debug|Any CPU
		{DC18B476-29B8-49B4-BF46-50A295F3758C}.Release|Any CPU.ActiveCfg = Release|Any CPU
		{DC18B476-29B8-49B4-BF46-50A295F3758C}.Release|Any CPU.Build.0 = Release|Any CPU
		{DC18B476-29B8-49B4-BF46-50A295F3758C}.Release|ARM.ActiveCfg = Release|Any CPU
		{DC18B476-29B8-49B4-BF46-50A295F3758C}.Release|ARM.Build.0 = Release|Any CPU
		{DC18B476-29B8-49B4-BF46-50A295F3758C}.Release|iPhone.ActiveCfg = Release|Any CPU
		{DC18B476-29B8-49B4-BF46-50A295F3758C}.Release|iPhone.Build.0 = Release|Any CPU
		{DC18B476-29B8-49B4-BF46-50A295F3758C}.Release|iPhoneSimulator.ActiveCfg = Release|Any CPU
		{DC18B476-29B8-49B4-BF46-50A295F3758C}.Release|iPhoneSimulator.Build.0 = Release|Any CPU
		{DC18B476-29B8-49B4-BF46-50A295F3758C}.Release|x64.ActiveCfg = Release|Any CPU
		{DC18B476-29B8-49B4-BF46-50A295F3758C}.Release|x64.Build.0 = Release|Any CPU
		{DC18B476-29B8-49B4-BF46-50A295F3758C}.Release|x86.ActiveCfg = Release|Any CPU
		{DC18B476-29B8-49B4-BF46-50A295F3758C}.Release|x86.Build.0 = Release|Any CPU
		{2C910479-1896-44DA-BE23-00F1BB40E137}.Ad-Hoc|Any CPU.ActiveCfg = Debug|Any CPU
		{2C910479-1896-44DA-BE23-00F1BB40E137}.Ad-Hoc|Any CPU.Build.0 = Debug|Any CPU
		{2C910479-1896-44DA-BE23-00F1BB40E137}.Ad-Hoc|ARM.ActiveCfg = Debug|Any CPU
		{2C910479-1896-44DA-BE23-00F1BB40E137}.Ad-Hoc|ARM.Build.0 = Debug|Any CPU
		{2C910479-1896-44DA-BE23-00F1BB40E137}.Ad-Hoc|iPhone.ActiveCfg = Debug|Any CPU
		{2C910479-1896-44DA-BE23-00F1BB40E137}.Ad-Hoc|iPhone.Build.0 = Debug|Any CPU
		{2C910479-1896-44DA-BE23-00F1BB40E137}.Ad-Hoc|iPhoneSimulator.ActiveCfg = Debug|Any CPU
		{2C910479-1896-44DA-BE23-00F1BB40E137}.Ad-Hoc|iPhoneSimulator.Build.0 = Debug|Any CPU
		{2C910479-1896-44DA-BE23-00F1BB40E137}.Ad-Hoc|x64.ActiveCfg = Debug|Any CPU
		{2C910479-1896-44DA-BE23-00F1BB40E137}.Ad-Hoc|x64.Build.0 = Debug|Any CPU
		{2C910479-1896-44DA-BE23-00F1BB40E137}.Ad-Hoc|x86.ActiveCfg = Debug|Any CPU
		{2C910479-1896-44DA-BE23-00F1BB40E137}.Ad-Hoc|x86.Build.0 = Debug|Any CPU
		{2C910479-1896-44DA-BE23-00F1BB40E137}.AppStore|Any CPU.ActiveCfg = Debug|Any CPU
		{2C910479-1896-44DA-BE23-00F1BB40E137}.AppStore|Any CPU.Build.0 = Debug|Any CPU
		{2C910479-1896-44DA-BE23-00F1BB40E137}.AppStore|ARM.ActiveCfg = Debug|Any CPU
		{2C910479-1896-44DA-BE23-00F1BB40E137}.AppStore|ARM.Build.0 = Debug|Any CPU
		{2C910479-1896-44DA-BE23-00F1BB40E137}.AppStore|iPhone.ActiveCfg = Debug|Any CPU
		{2C910479-1896-44DA-BE23-00F1BB40E137}.AppStore|iPhone.Build.0 = Debug|Any CPU
		{2C910479-1896-44DA-BE23-00F1BB40E137}.AppStore|iPhoneSimulator.ActiveCfg = Debug|Any CPU
		{2C910479-1896-44DA-BE23-00F1BB40E137}.AppStore|iPhoneSimulator.Build.0 = Debug|Any CPU
		{2C910479-1896-44DA-BE23-00F1BB40E137}.AppStore|x64.ActiveCfg = Debug|Any CPU
		{2C910479-1896-44DA-BE23-00F1BB40E137}.AppStore|x64.Build.0 = Debug|Any CPU
		{2C910479-1896-44DA-BE23-00F1BB40E137}.AppStore|x86.ActiveCfg = Debug|Any CPU
		{2C910479-1896-44DA-BE23-00F1BB40E137}.AppStore|x86.Build.0 = Debug|Any CPU
		{2C910479-1896-44DA-BE23-00F1BB40E137}.Debug|Any CPU.ActiveCfg = Debug|Any CPU
		{2C910479-1896-44DA-BE23-00F1BB40E137}.Debug|Any CPU.Build.0 = Debug|Any CPU
		{2C910479-1896-44DA-BE23-00F1BB40E137}.Debug|ARM.ActiveCfg = Debug|Any CPU
		{2C910479-1896-44DA-BE23-00F1BB40E137}.Debug|ARM.Build.0 = Debug|Any CPU
		{2C910479-1896-44DA-BE23-00F1BB40E137}.Debug|iPhone.ActiveCfg = Debug|Any CPU
		{2C910479-1896-44DA-BE23-00F1BB40E137}.Debug|iPhone.Build.0 = Debug|Any CPU
		{2C910479-1896-44DA-BE23-00F1BB40E137}.Debug|iPhoneSimulator.ActiveCfg = Debug|Any CPU
		{2C910479-1896-44DA-BE23-00F1BB40E137}.Debug|iPhoneSimulator.Build.0 = Debug|Any CPU
		{2C910479-1896-44DA-BE23-00F1BB40E137}.Debug|x64.ActiveCfg = Debug|Any CPU
		{2C910479-1896-44DA-BE23-00F1BB40E137}.Debug|x64.Build.0 = Debug|Any CPU
		{2C910479-1896-44DA-BE23-00F1BB40E137}.Debug|x86.ActiveCfg = Debug|Any CPU
		{2C910479-1896-44DA-BE23-00F1BB40E137}.Debug|x86.Build.0 = Debug|Any CPU
		{2C910479-1896-44DA-BE23-00F1BB40E137}.Release|Any CPU.ActiveCfg = Release|Any CPU
		{2C910479-1896-44DA-BE23-00F1BB40E137}.Release|Any CPU.Build.0 = Release|Any CPU
		{2C910479-1896-44DA-BE23-00F1BB40E137}.Release|ARM.ActiveCfg = Release|Any CPU
		{2C910479-1896-44DA-BE23-00F1BB40E137}.Release|ARM.Build.0 = Release|Any CPU
		{2C910479-1896-44DA-BE23-00F1BB40E137}.Release|iPhone.ActiveCfg = Release|Any CPU
		{2C910479-1896-44DA-BE23-00F1BB40E137}.Release|iPhone.Build.0 = Release|Any CPU
		{2C910479-1896-44DA-BE23-00F1BB40E137}.Release|iPhoneSimulator.ActiveCfg = Release|Any CPU
		{2C910479-1896-44DA-BE23-00F1BB40E137}.Release|iPhoneSimulator.Build.0 = Release|Any CPU
		{2C910479-1896-44DA-BE23-00F1BB40E137}.Release|x64.ActiveCfg = Release|Any CPU
		{2C910479-1896-44DA-BE23-00F1BB40E137}.Release|x64.Build.0 = Release|Any CPU
		{2C910479-1896-44DA-BE23-00F1BB40E137}.Release|x86.ActiveCfg = Release|Any CPU
		{2C910479-1896-44DA-BE23-00F1BB40E137}.Release|x86.Build.0 = Release|Any CPU
	EndGlobalSection
	GlobalSection(SolutionProperties) = preSolution
		HideSolutionNode = FALSE
	EndGlobalSection
	GlobalSection(ExtensibilityGlobals) = postSolution
		SolutionGuid = {A44924A6-1189-4760-A6BB-0EE3F0D727EF}
	EndGlobalSection
EndGlobal
